
Microsoft Visual Studio Solution File, Format Version 12.00
# Visual Studio 14
VisualStudioVersion = 14.0.25420.1
MinimumVisualStudioVersion = 10.0.40219.1
Project("{FAE04EC0-301F-11D3-BF4B-00C04F79EFBC}") = "Whisper.Data", "Whisper.Data\Whisper.Data.csproj", "{0AAE5777-105B-4FBD-8005-1028FE1DB1B0}"
EndProject
Project("{FAE04EC0-301F-11D3-BF4B-00C04F79EFBC}") = "Whisper.Web", "Whisper.Web\Whisper.Web.csproj", "{A6DA02FF-CB31-4F89-BF2E-59B84EE05CEF}"
EndProject
Project("{FAE04EC0-301F-11D3-BF4B-00C04F79EFBC}") = "Whisper.Tests", "Whisper.Tests\Whisper.Tests.csproj", "{0E003103-6F02-4ADC-82B1-9F76E5025D7B}"
EndProject
Project("{FAE04EC0-301F-11D3-BF4B-00C04F79EFBC}") = "Whisper.ExternalLibraries", "Whisper.ExternalLibraries\Whisper.ExternalLibraries.csproj", "{26E15952-7ADF-41AE-BBF2-7BD90456AEFB}"
EndProject
Global
	GlobalSection(SolutionConfigurationPlatforms) = preSolution
		Debug|Any CPU = Debug|Any CPU
		Release|Any CPU = Release|Any CPU
	EndGlobalSection
	GlobalSection(ProjectConfigurationPlatforms) = postSolution
		{0AAE5777-105B-4FBD-8005-1028FE1DB1B0}.Debug|Any CPU.ActiveCfg = Debug|Any CPU
		{0AAE5777-105B-4FBD-8005-1028FE1DB1B0}.Debug|Any CPU.Build.0 = Debug|Any CPU
		{0AAE5777-105B-4FBD-8005-1028FE1DB1B0}.Release|Any CPU.ActiveCfg = Release|Any CPU
		{0AAE5777-105B-4FBD-8005-1028FE1DB1B0}.Release|Any CPU.Build.0 = Release|Any CPU
		{A6DA02FF-CB31-4F89-BF2E-59B84EE05CEF}.Debug|Any CPU.ActiveCfg = Debug|Any CPU
		{A6DA02FF-CB31-4F89-BF2E-59B84EE05CEF}.Debug|Any CPU.Build.0 = Debug|Any CPU
		{A6DA02FF-CB31-4F89-BF2E-59B84EE05CEF}.Release|Any CPU.ActiveCfg = Release|Any CPU
		{A6DA02FF-CB31-4F89-BF2E-59B84EE05CEF}.Release|Any CPU.Build.0 = Release|Any CPU
		{0E003103-6F02-4ADC-82B1-9F76E5025D7B}.Debug|Any CPU.ActiveCfg = Debug|Any CPU
		{0E003103-6F02-4ADC-82B1-9F76E5025D7B}.Debug|Any CPU.Build.0 = Debug|Any CPU
		{0E003103-6F02-4ADC-82B1-9F76E5025D7B}.Release|Any CPU.ActiveCfg = Release|Any CPU
		{0E003103-6F02-4ADC-82B1-9F76E5025D7B}.Release|Any CPU.Build.0 = Release|Any CPU
		{26E15952-7ADF-41AE-BBF2-7BD90456AEFB}.Debug|Any CPU.ActiveCfg = Debug|Any CPU
		{26E15952-7ADF-41AE-BBF2-7BD90456AEFB}.Debug|Any CPU.Build.0 = Debug|Any CPU
		{26E15952-7ADF-41AE-BBF2-7BD90456AEFB}.Release|Any CPU.ActiveCfg = Release|Any CPU
		{26E15952-7ADF-41AE-BBF2-7BD90456AEFB}.Release|Any CPU.Build.0 = Release|Any CPU
	EndGlobalSection
	GlobalSection(SolutionProperties) = preSolution
		HideSolutionNode = FALSE
	EndGlobalSection
EndGlobal
