
Microsoft Visual Studio Solution File, Format Version 12.00
# Visual Studio 14
VisualStudioVersion = 14.0.25420.1
MinimumVisualStudioVersion = 10.0.40219.1
Project("{FAE04EC0-301F-11D3-BF4B-00C04F79EFBC}") = "01.DebitCardNumber", "01.DebitCardNumber\01.DebitCardNumber.csproj", "{54B711A0-4601-4AEB-9330-8AE2D57BD631}"
EndProject
Project("{FAE04EC0-301F-11D3-BF4B-00C04F79EFBC}") = "02.RectangleArea", "02.RectangleArea\02.RectangleArea.csproj", "{4DA2F139-205F-4939-9805-D0B42F0DA6D2}"
EndProject
Project("{FAE04EC0-301F-11D3-BF4B-00C04F79EFBC}") = "03.MilesToKilometers", "03.MilesToKilometers\03.MilesToKilometers.csproj", "{1663951F-0148-4DAA-89D3-28897ADFE324}"
EndProject
Project("{FAE04EC0-301F-11D3-BF4B-00C04F79EFBC}") = "04.BeverageLabels", "04.BeverageLabels\04.BeverageLabels.csproj", "{2245E1BB-B232-4FD5-93A7-517382315B6C}"
EndProject
Project("{FAE04EC0-301F-11D3-BF4B-00C04F79EFBC}") = "05.CharacterStats", "05.CharacterStats\05.CharacterStats.csproj", "{1A93BE5E-5F44-42E9-AA02-7A9A1A07FA6F}"
EndProject
Project("{FAE04EC0-301F-11D3-BF4B-00C04F79EFBC}") = "Lab1", "Lab1\Lab1.csproj", "{750CB8F9-3FEB-428D-A3E2-8F2D88C3E13B}"
EndProject
Project("{FAE04EC0-301F-11D3-BF4B-00C04F79EFBC}") = "Lab2", "Lab2\Lab2.csproj", "{DE271F58-317E-468A-93C2-9D15CC480EA7}"
EndProject
Project("{FAE04EC0-301F-11D3-BF4B-00C04F79EFBC}") = "Lab3", "Lab3\Lab3.csproj", "{BFEE3834-6560-4278-950A-6DB3294B64A2}"
EndProject
Global
	GlobalSection(SolutionConfigurationPlatforms) = preSolution
		Debug|Any CPU = Debug|Any CPU
		Release|Any CPU = Release|Any CPU
	EndGlobalSection
	GlobalSection(ProjectConfigurationPlatforms) = postSolution
		{54B711A0-4601-4AEB-9330-8AE2D57BD631}.Debug|Any CPU.ActiveCfg = Debug|Any CPU
		{54B711A0-4601-4AEB-9330-8AE2D57BD631}.Debug|Any CPU.Build.0 = Debug|Any CPU
		{54B711A0-4601-4AEB-9330-8AE2D57BD631}.Release|Any CPU.ActiveCfg = Release|Any CPU
		{54B711A0-4601-4AEB-9330-8AE2D57BD631}.Release|Any CPU.Build.0 = Release|Any CPU
		{4DA2F139-205F-4939-9805-D0B42F0DA6D2}.Debug|Any CPU.ActiveCfg = Debug|Any CPU
		{4DA2F139-205F-4939-9805-D0B42F0DA6D2}.Debug|Any CPU.Build.0 = Debug|Any CPU
		{4DA2F139-205F-4939-9805-D0B42F0DA6D2}.Release|Any CPU.ActiveCfg = Release|Any CPU
		{4DA2F139-205F-4939-9805-D0B42F0DA6D2}.Release|Any CPU.Build.0 = Release|Any CPU
		{1663951F-0148-4DAA-89D3-28897ADFE324}.Debug|Any CPU.ActiveCfg = Debug|Any CPU
		{1663951F-0148-4DAA-89D3-28897ADFE324}.Debug|Any CPU.Build.0 = Debug|Any CPU
		{1663951F-0148-4DAA-89D3-28897ADFE324}.Release|Any CPU.ActiveCfg = Release|Any CPU
		{1663951F-0148-4DAA-89D3-28897ADFE324}.Release|Any CPU.Build.0 = Release|Any CPU
		{2245E1BB-B232-4FD5-93A7-517382315B6C}.Debug|Any CPU.ActiveCfg = Debug|Any CPU
		{2245E1BB-B232-4FD5-93A7-517382315B6C}.Debug|Any CPU.Build.0 = Debug|Any CPU
		{2245E1BB-B232-4FD5-93A7-517382315B6C}.Release|Any CPU.ActiveCfg = Release|Any CPU
		{2245E1BB-B232-4FD5-93A7-517382315B6C}.Release|Any CPU.Build.0 = Release|Any CPU
		{1A93BE5E-5F44-42E9-AA02-7A9A1A07FA6F}.Debug|Any CPU.ActiveCfg = Debug|Any CPU
		{1A93BE5E-5F44-42E9-AA02-7A9A1A07FA6F}.Debug|Any CPU.Build.0 = Debug|Any CPU
		{1A93BE5E-5F44-42E9-AA02-7A9A1A07FA6F}.Release|Any CPU.ActiveCfg = Release|Any CPU
		{1A93BE5E-5F44-42E9-AA02-7A9A1A07FA6F}.Release|Any CPU.Build.0 = Release|Any CPU
		{750CB8F9-3FEB-428D-A3E2-8F2D88C3E13B}.Debug|Any CPU.ActiveCfg = Debug|Any CPU
		{750CB8F9-3FEB-428D-A3E2-8F2D88C3E13B}.Debug|Any CPU.Build.0 = Debug|Any CPU
		{750CB8F9-3FEB-428D-A3E2-8F2D88C3E13B}.Release|Any CPU.ActiveCfg = Release|Any CPU
		{750CB8F9-3FEB-428D-A3E2-8F2D88C3E13B}.Release|Any CPU.Build.0 = Release|Any CPU
		{DE271F58-317E-468A-93C2-9D15CC480EA7}.Debug|Any CPU.ActiveCfg = Debug|Any CPU
		{DE271F58-317E-468A-93C2-9D15CC480EA7}.Debug|Any CPU.Build.0 = Debug|Any CPU
		{DE271F58-317E-468A-93C2-9D15CC480EA7}.Release|Any CPU.ActiveCfg = Release|Any CPU
		{DE271F58-317E-468A-93C2-9D15CC480EA7}.Release|Any CPU.Build.0 = Release|Any CPU
		{BFEE3834-6560-4278-950A-6DB3294B64A2}.Debug|Any CPU.ActiveCfg = Debug|Any CPU
		{BFEE3834-6560-4278-950A-6DB3294B64A2}.Debug|Any CPU.Build.0 = Debug|Any CPU
		{BFEE3834-6560-4278-950A-6DB3294B64A2}.Release|Any CPU.ActiveCfg = Release|Any CPU
		{BFEE3834-6560-4278-950A-6DB3294B64A2}.Release|Any CPU.Build.0 = Release|Any CPU
	EndGlobalSection
	GlobalSection(SolutionProperties) = preSolution
		HideSolutionNode = FALSE
	EndGlobalSection
EndGlobal
